
Microsoft Visual Studio Solution File, Format Version 12.00
# Visual Studio Version 17
VisualStudioVersion = 17.9.34607.119
MinimumVisualStudioVersion = 10.0.40219.1
Project("{FAE04EC0-301F-11D3-BF4B-00C04F79EFBC}") = "FIREBASEASPMVC", "FIREBASEASPMVC.csproj", "{BABEBC37-47FD-43B2-A776-38CC73BDB8AA}"
EndProject
Global
	GlobalSection(SolutionConfigurationPlatforms) = preSolution
		Debug|Any CPU = Debug|Any CPU
		Release|Any CPU = Release|Any CPU
	EndGlobalSection
	GlobalSection(ProjectConfigurationPlatforms) = postSolution
		{BABEBC37-47FD-43B2-A776-38CC73BDB8AA}.Debug|Any CPU.ActiveCfg = Debug|Any CPU
		{BABEBC37-47FD-43B2-A776-38CC73BDB8AA}.Debug|Any CPU.Build.0 = Debug|Any CPU
		{BABEBC37-47FD-43B2-A776-38CC73BDB8AA}.Release|Any CPU.ActiveCfg = Release|Any CPU
		{BABEBC37-47FD-43B2-A776-38CC73BDB8AA}.Release|Any CPU.Build.0 = Release|Any CPU
	EndGlobalSection
	GlobalSection(SolutionProperties) = preSolution
		HideSolutionNode = FALSE
	EndGlobalSection
	GlobalSection(ExtensibilityGlobals) = postSolution
		SolutionGuid = {D35B2EEF-79BD-48ED-ADDD-0B4AF5956445}
	EndGlobalSection
EndGlobal
